# This file is autogenerated, do not edit; changes may be undone by the next 'dep ensure'.


[[projects]]
  branch = "master"
  name = "github.com/moul/http2curl"
  packages = ["."]
  revision = "9ac6cf4d929b2fa8fd2d2e6dec5bb0feb4f4911d"

[[projects]]
  name = "github.com/parnurzeal/gorequest"
  packages = ["."]
  revision = "a578a48e8d6ca8b01a3b18314c43c6716bb5f5a3"
  version = "v0.2.15"

[[projects]]
  name = "github.com/pkg/errors"
  packages = ["."]
  revision = "645ef00459ed84a119197bfb8d8205042c6df63d"
  version = "v0.8.0"

[[projects]]
  name = "github.com/sirupsen/logrus"
  packages = ["."]
  revision = "c155da19408a8799da419ed3eeb0cb5db0ad5dbc"
  version = "v1.0.5"

[[projects]]
  branch = "master"
  name = "golang.org/x/crypto"
  packages = ["ssh/terminal"]
  revision = "182114d582623c1caa54f73de9c7224e23a48487"

[[projects]]
  branch = "master"
  name = "golang.org/x/net"
  packages = [
    "html",
    "html/atom",
    "idna",
    "publicsuffix"
  ]
  revision = "ae89d30ce0c63142b652837da33d782e2b0a9b25"

[[projects]]
  branch = "master"
  name = "golang.org/x/sys"
  packages = [
    "unix",
    "windows"
  ]
  revision = "c28acc882ebcbfbe8ce9f0f14b9ac26ee138dd51"

[[projects]]
  name = "golang.org/x/text"
  packages = [
    "collate",
    "collate/build",
    "internal/colltab",
    "internal/gen",
    "internal/tag",
    "internal/triegen",
    "internal/ucd",
    "language",
    "secure/bidirule",
    "transform",
    "unicode/bidi",
    "unicode/cldr",
    "unicode/norm",
    "unicode/rangetable"
  ]
  revision = "f21a4dfb5e38f5895301dc265a8def02365cc3d0"
  version = "v0.3.0"

[[projects]]
  branch = "v2"
  name = "gopkg.in/xmlpath.v2"
  packages = ["."]
  revision = "860cbeca3ebcc600db0b213c0e83ad6ce91f5739"

[solve-meta]
  analyzer-name = "dep"
  analyzer-version = 1
  inputs-digest = "5ef897c3d17402f116b8ecab17ed07efd9f549afdfa1feb7595a3944b73331d1"
  solver-name = "gps-cdcl"
  solver-version = 1
